
Microsoft Visual Studio Solution File, Format Version 12.00
# Visual Studio Version 16
VisualStudioVersion = 16.0.31613.86
MinimumVisualStudioVersion = 10.0.40219.1
Project("{FAE04EC0-301F-11D3-BF4B-00C04F79EFBC}") = "UsingVerbs", "UsingVerbs\UsingVerbs.csproj", "{BE83D60D-A778-41E5-93D1-D5B9818E2193}"
EndProject
Global
	GlobalSection(SolutionConfigurationPlatforms) = preSolution
		Debug|Any CPU = Debug|Any CPU
		Release|Any CPU = Release|Any CPU
	EndGlobalSection
	GlobalSection(ProjectConfigurationPlatforms) = postSolution
		{BE83D60D-A778-41E5-93D1-D5B9818E2193}.Debug|Any CPU.ActiveCfg = Debug|Any CPU
		{BE83D60D-A778-41E5-93D1-D5B9818E2193}.Debug|Any CPU.Build.0 = Debug|Any CPU
		{BE83D60D-A778-41E5-93D1-D5B9818E2193}.Release|Any CPU.ActiveCfg = Release|Any CPU
		{BE83D60D-A778-41E5-93D1-D5B9818E2193}.Release|Any CPU.Build.0 = Release|Any CPU
	EndGlobalSection
	GlobalSection(SolutionProperties) = preSolution
		HideSolutionNode = FALSE
	EndGlobalSection
	GlobalSection(ExtensibilityGlobals) = postSolution
		SolutionGuid = {A485A0B8-88E8-418F-8D1D-C5E1CBFDFD92}
	EndGlobalSection
EndGlobal
